
Microsoft Visual Studio Solution File, Format Version 12.00
# Visual Studio Version 17
VisualStudioVersion = 17.2.32616.157
MinimumVisualStudioVersion = 10.0.40219.1
Project("{FAE04EC0-301F-11D3-BF4B-00C04F79EFBC}") = "Cédula de Identidad. Windows form + JSON", "Cédula de Identidad. Windows form + JSON.csproj", "{8D8BDC45-6D6B-4835-98FD-EB8EF41E986B}"
EndProject
Global
	GlobalSection(SolutionConfigurationPlatforms) = preSolution
		Debug|Any CPU = Debug|Any CPU
		Release|Any CPU = Release|Any CPU
	EndGlobalSection
	GlobalSection(ProjectConfigurationPlatforms) = postSolution
		{8D8BDC45-6D6B-4835-98FD-EB8EF41E986B}.Debug|Any CPU.ActiveCfg = Debug|Any CPU
		{8D8BDC45-6D6B-4835-98FD-EB8EF41E986B}.Debug|Any CPU.Build.0 = Debug|Any CPU
		{8D8BDC45-6D6B-4835-98FD-EB8EF41E986B}.Release|Any CPU.ActiveCfg = Release|Any CPU
		{8D8BDC45-6D6B-4835-98FD-EB8EF41E986B}.Release|Any CPU.Build.0 = Release|Any CPU
	EndGlobalSection
	GlobalSection(SolutionProperties) = preSolution
		HideSolutionNode = FALSE
	EndGlobalSection
	GlobalSection(ExtensibilityGlobals) = postSolution
		SolutionGuid = {02EBEE85-9CE2-487B-8660-F2889F95A5AB}
	EndGlobalSection
EndGlobal
